
Microsoft Visual Studio Solution File, Format Version 12.00
# Visual Studio 2013
VisualStudioVersion = 12.0.30501.0
MinimumVisualStudioVersion = 10.0.40219.1
Project("{FAE04EC0-301F-11D3-BF4B-00C04F79EFBC}") = "AmTools", "AmTools\AmTools.csproj", "{50139CC7-7CD6-42CD-A62D-012297197BAC}"
EndProject
Project("{FAE04EC0-301F-11D3-BF4B-00C04F79EFBC}") = "AmTools.Tests", "AmTools.Tests\AmTools.Tests.csproj", "{5B8035C9-AC6C-455E-A1DB-D660E5DCC8FE}"
EndProject
Project("{FAE04EC0-301F-11D3-BF4B-00C04F79EFBC}") = "AmToolsWf", "AmToolsWf\AmToolsWf.csproj", "{6F5AB07E-4F64-4122-9AB3-2FF2FB619B06}"
EndProject
Global
	GlobalSection(SolutionConfigurationPlatforms) = preSolution
		Debug|Any CPU = Debug|Any CPU
		Release|Any CPU = Release|Any CPU
	EndGlobalSection
	GlobalSection(ProjectConfigurationPlatforms) = postSolution
		{50139CC7-7CD6-42CD-A62D-012297197BAC}.Debug|Any CPU.ActiveCfg = Debug|Any CPU
		{50139CC7-7CD6-42CD-A62D-012297197BAC}.Debug|Any CPU.Build.0 = Debug|Any CPU
		{50139CC7-7CD6-42CD-A62D-012297197BAC}.Release|Any CPU.ActiveCfg = Release|Any CPU
		{50139CC7-7CD6-42CD-A62D-012297197BAC}.Release|Any CPU.Build.0 = Release|Any CPU
		{5B8035C9-AC6C-455E-A1DB-D660E5DCC8FE}.Debug|Any CPU.ActiveCfg = Debug|Any CPU
		{5B8035C9-AC6C-455E-A1DB-D660E5DCC8FE}.Debug|Any CPU.Build.0 = Debug|Any CPU
		{5B8035C9-AC6C-455E-A1DB-D660E5DCC8FE}.Release|Any CPU.ActiveCfg = Release|Any CPU
		{5B8035C9-AC6C-455E-A1DB-D660E5DCC8FE}.Release|Any CPU.Build.0 = Release|Any CPU
		{6F5AB07E-4F64-4122-9AB3-2FF2FB619B06}.Debug|Any CPU.ActiveCfg = Debug|Any CPU
		{6F5AB07E-4F64-4122-9AB3-2FF2FB619B06}.Debug|Any CPU.Build.0 = Debug|Any CPU
		{6F5AB07E-4F64-4122-9AB3-2FF2FB619B06}.Release|Any CPU.ActiveCfg = Release|Any CPU
		{6F5AB07E-4F64-4122-9AB3-2FF2FB619B06}.Release|Any CPU.Build.0 = Release|Any CPU
	EndGlobalSection
	GlobalSection(SolutionProperties) = preSolution
		HideSolutionNode = FALSE
	EndGlobalSection
EndGlobal
